<?xml version="1.0" encoding="utf-8"?>
<Project ToolsVersion="4.0" xmlns="http://schemas.microsoft.com/developer/msbuild/2003">
  <ItemGroup>
    <Filter Include="Source Files">
      <UniqueIdentifier>{4FC737F1-C7A5-4376-A066-2A32D752A2FF}</UniqueIdentifier>
      <Extensions>cpp;c;cc;cxx;def;odl;idl;hpj;bat;asm;asmx</Extensions>
    </Filter>
    <Filter Include="Header Files">
      <UniqueIdentifier>{93995380-89BD-4b04-88EB-625FBE52EBFB}</UniqueIdentifier>
      <Extensions>h;hh;hpp;hxx;hm;inl;inc;ipp;xsd</Extensions>
    </Filter>
    <Filter Include="Shaders">
      <UniqueIdentifier>{f0ad7af0-8143-4d65-89c2-ca5eee399151}</UniqueIdentifier>
    </Filter>
    <Filter Include="Header Files\Imgui">
      <UniqueIdentifier>{604793a9-a001-4a1d-9360-1df028b94138}</UniqueIdentifier>
    </Filter>
    <Filter Include="Source Files\Imgui">
      <UniqueIdentifier>{e55ab117-1cf4-476c-9fa9-b327e3e1ba7b}</UniqueIdentifier>
    </Filter>
  </ItemGroup>
  <ItemGroup>
    <ClInclude Include="Common.h">
      <Filter>Header Files</Filter>
    </ClInclude>
    <ClInclude Include="d3dx12.h">
      <Filter>Header Files</Filter>
    </ClInclude>
    <ClInclude Include="DXSampleHelper.h">
      <Filter>Header Files</Filter>
    </ClInclude>
    <ClInclude Include="WinApp.h">
      <Filter>Header Files</Filter>
    </ClInclude>
    <ClInclude Include="imconfig.h">
      <Filter>Header Files\Imgui</Filter>
    </ClInclude>
    <ClInclude Include="imgui.h">
      <Filter>Header Files\Imgui</Filter>
    </ClInclude>
    <ClInclude Include="imgui_impl_win32.h">
      <Filter>Header Files\Imgui</Filter>
    </ClInclude>
    <ClInclude Include="imgui_internal.h">
      <Filter>Header Files\Imgui</Filter>
    </ClInclude>
    <ClInclude Include="imstb_rectpack.h">
      <Filter>Header Files\Imgui</Filter>
    </ClInclude>
    <ClInclude Include="imstb_textedit.h">
      <Filter>Header Files\Imgui</Filter>
    </ClInclude>
    <ClInclude Include="imstb_truetype.h">
      <Filter>Header Files\Imgui</Filter>
    </ClInclude>
    <ClInclude Include="MLDX12.h">
      <Filter>Header Files</Filter>
    </ClInclude>
    <ClInclude Include="MLDX12App.h">
      <Filter>Header Files</Filter>
    </ClInclude>
    <ClInclude Include="MLDX12Imgui.h">
      <Filter>Header Files</Filter>
    </ClInclude>
    <ClInclude Include="MLAviWriter.h">
      <Filter>Header Files</Filter>
    </ClInclude>
    <ClInclude Include="MLConverter.h">
      <Filter>Header Files</Filter>
    </ClInclude>
    <ClInclude Include="MLDrawings.h">
      <Filter>Header Files</Filter>
    </ClInclude>
    <ClInclude Include="MLAviReader.h">
      <Filter>Header Files</Filter>
    </ClInclude>
    <ClInclude Include="MLAVICommon.h">
      <Filter>Header Files</Filter>
    </ClInclude>
    <ClInclude Include="MLImage.h">
      <Filter>Header Files</Filter>
    </ClInclude>
    <ClInclude Include="MLVideoTime.h">
      <Filter>Header Files</Filter>
    </ClInclude>
    <ClInclude Include="MLDX12Common.h">
      <Filter>Header Files</Filter>
    </ClInclude>
  </ItemGroup>
  <ItemGroup>
    <ClCompile Include="Main.cpp">
      <Filter>Source Files</Filter>
    </ClCompile>
    <ClCompile Include="WinApp.cpp">
      <Filter>Source Files</Filter>
    </ClCompile>
    <ClCompile Include="imgui.cpp">
      <Filter>Source Files\Imgui</Filter>
    </ClCompile>
    <ClCompile Include="imgui_demo.cpp">
      <Filter>Source Files\Imgui</Filter>
    </ClCompile>
    <ClCompile Include="imgui_draw.cpp">
      <Filter>Source Files\Imgui</Filter>
    </ClCompile>
    <ClCompile Include="imgui_impl_win32.cpp">
      <Filter>Source Files\Imgui</Filter>
    </ClCompile>
    <ClCompile Include="imgui_widgets.cpp">
      <Filter>Source Files\Imgui</Filter>
    </ClCompile>
    <ClCompile Include="MLDX12.cpp">
      <Filter>Source Files</Filter>
    </ClCompile>
    <ClCompile Include="MLDX12App.cpp">
      <Filter>Source Files</Filter>
    </ClCompile>
    <ClCompile Include="MLDX12Imgui.cpp">
      <Filter>Source Files</Filter>
    </ClCompile>
    <ClCompile Include="MLAviWriter.cpp">
      <Filter>Source Files</Filter>
    </ClCompile>
    <ClCompile Include="MLConverter.cpp">
      <Filter>Source Files</Filter>
    </ClCompile>
    <ClCompile Include="MLDrawings.cpp">
      <Filter>Source Files</Filter>
    </ClCompile>
    <ClCompile Include="MLAviReader.cpp">
      <Filter>Source Files</Filter>
    </ClCompile>
    <ClCompile Include="MLAviCommon.cpp">
      <Filter>Source Files</Filter>
    </ClCompile>
    <ClCompile Include="MLDX12Common.cpp">
      <Filter>Source Files</Filter>
    </ClCompile>
    <ClCompile Include="MLVideoTime.cpp">
      <Filter>Source Files</Filter>
    </ClCompile>
  </ItemGroup>
  <ItemGroup>
    <CustomBuild Include="shadersRGB.hlsl" />
    <CustomBuild Include="shadersYUV.hlsl" />
  </ItemGroup>
</Project>