<?xml version="1.0" encoding="utf-8"?>
<Project ToolsVersion="4.0" xmlns="http://schemas.microsoft.com/developer/msbuild/2003">
  <ItemGroup>
    <Filter Include="Source Files">
      <UniqueIdentifier>{4FC737F1-C7A5-4376-A066-2A32D752A2FF}</UniqueIdentifier>
      <Extensions>cpp;c;cc;cxx;def;odl;idl;hpj;bat;asm;asmx</Extensions>
    </Filter>
    <Filter Include="Shaders">
      <UniqueIdentifier>{f0ad7af0-8143-4d65-89c2-ca5eee399151}</UniqueIdentifier>
    </Filter>
    <Filter Include="Common">
      <UniqueIdentifier>{32d3df27-2dae-48cc-b65a-1d8569337221}</UniqueIdentifier>
    </Filter>
  </ItemGroup>
  <ItemGroup>
    <ClInclude Include="..\Common\MLAVICommon.h">
      <Filter>Common</Filter>
    </ClInclude>
    <ClInclude Include="..\Common\MLAviReader.h">
      <Filter>Common</Filter>
    </ClInclude>
    <ClInclude Include="..\Common\MLAviWriter.h">
      <Filter>Common</Filter>
    </ClInclude>
    <ClInclude Include="..\Common\MLConverter.h">
      <Filter>Common</Filter>
    </ClInclude>
    <ClInclude Include="..\Common\MLDX12.h">
      <Filter>Common</Filter>
    </ClInclude>
    <ClInclude Include="..\Common\MLDX12Common.h">
      <Filter>Common</Filter>
    </ClInclude>
    <ClInclude Include="..\Common\MLWinApp.h">
      <Filter>Common</Filter>
    </ClInclude>
    <ClInclude Include="MLDX12Imgui.h">
      <Filter>Source Files</Filter>
    </ClInclude>
    <ClInclude Include="..\Common\MLVideoTime.h">
      <Filter>Common</Filter>
    </ClInclude>
    <ClInclude Include="MLDrawings.h">
      <Filter>Source Files</Filter>
    </ClInclude>
    <ClInclude Include="MLDX12App.h">
      <Filter>Source Files</Filter>
    </ClInclude>
  </ItemGroup>
  <ItemGroup>
    <ClCompile Include="Main.cpp">
      <Filter>Source Files</Filter>
    </ClCompile>
    <ClCompile Include="WinApp.cpp">
      <Filter>Source Files</Filter>
    </ClCompile>
    <ClCompile Include="MLDX12App.cpp">
      <Filter>Source Files</Filter>
    </ClCompile>
    <ClCompile Include="MLDrawings.cpp">
      <Filter>Source Files</Filter>
    </ClCompile>
    <ClCompile Include="..\Common\MLAviCommon.cpp">
      <Filter>Common</Filter>
    </ClCompile>
    <ClCompile Include="..\Common\MLAviReader.cpp">
      <Filter>Common</Filter>
    </ClCompile>
    <ClCompile Include="..\Common\imgui.cpp">
      <Filter>Common</Filter>
    </ClCompile>
    <ClCompile Include="..\Common\imgui_demo.cpp">
      <Filter>Common</Filter>
    </ClCompile>
    <ClCompile Include="..\Common\imgui_draw.cpp">
      <Filter>Common</Filter>
    </ClCompile>
    <ClCompile Include="..\Common\imgui_impl_win32.cpp">
      <Filter>Common</Filter>
    </ClCompile>
    <ClCompile Include="..\Common\imgui_widgets.cpp">
      <Filter>Common</Filter>
    </ClCompile>
    <ClCompile Include="..\Common\MLAviWriter.cpp">
      <Filter>Common</Filter>
    </ClCompile>
    <ClCompile Include="..\Common\MLConverter.cpp">
      <Filter>Common</Filter>
    </ClCompile>
    <ClCompile Include="..\Common\MLDX12.cpp">
      <Filter>Common</Filter>
    </ClCompile>
    <ClCompile Include="..\Common\MLDX12Common.cpp">
      <Filter>Common</Filter>
    </ClCompile>
    <ClCompile Include="..\Common\MLWinApp.cpp">
      <Filter>Common</Filter>
    </ClCompile>
    <ClCompile Include="MLDX12Imgui.cpp">
      <Filter>Source Files</Filter>
    </ClCompile>
    <ClCompile Include="..\Common\MLVideoTime.cpp">
      <Filter>Common</Filter>
    </ClCompile>
  </ItemGroup>
  <ItemGroup>
    <CustomBuild Include="shadersRGB.hlsl" />
    <CustomBuild Include="shadersYUV.hlsl" />
  </ItemGroup>
</Project>