<?xml version="1.0" encoding="utf-8"?>
<Project ToolsVersion="4.0" xmlns="http://schemas.microsoft.com/developer/msbuild/2003">
  <ItemGroup>
    <ClCompile Include="imgui.cpp">
      <Filter>Sources</Filter>
    </ClCompile>
    <ClCompile Include="imgui_demo.cpp">
      <Filter>Sources</Filter>
    </ClCompile>
    <ClCompile Include="imgui_draw.cpp">
      <Filter>Sources</Filter>
    </ClCompile>
    <ClCompile Include="imgui_impl_win32.cpp">
      <Filter>Sources</Filter>
    </ClCompile>
    <ClCompile Include="imgui_widgets.cpp">
      <Filter>Sources</Filter>
    </ClCompile>
    <ClCompile Include="Main.cpp">
      <Filter>Sources</Filter>
    </ClCompile>
    <ClCompile Include="MLDX12.cpp">
      <Filter>Sources</Filter>
    </ClCompile>
    <ClCompile Include="MLDX12App.cpp">
      <Filter>Sources</Filter>
    </ClCompile>
    <ClCompile Include="MLDX12Common.cpp">
      <Filter>Sources</Filter>
    </ClCompile>
    <ClCompile Include="MLDX12Imgui.cpp">
      <Filter>Sources</Filter>
    </ClCompile>
    <ClCompile Include="MLColorGamut.cpp">
      <Filter>Sources</Filter>
    </ClCompile>
    <ClCompile Include="MLImage.cpp">
      <Filter>Sources</Filter>
    </ClCompile>
    <ClCompile Include="MLSaveSettings.cpp">
      <Filter>Sources</Filter>
    </ClCompile>
    <ClCompile Include="MLExrReader.cpp">
      <Filter>Sources</Filter>
    </ClCompile>
    <ClCompile Include="MLBmpReader.cpp">
      <Filter>Sources</Filter>
    </ClCompile>
    <ClCompile Include="MLPngReader.cpp">
      <Filter>Sources</Filter>
    </ClCompile>
    <ClCompile Include="MLEnumToStr.cpp">
      <Filter>Sources</Filter>
    </ClCompile>
    <ClCompile Include="MLWinApp.cpp">
      <Filter>Sources</Filter>
    </ClCompile>
    <ClCompile Include="MLVideoCapUser.cpp">
      <Filter>Sources</Filter>
    </ClCompile>
    <ClCompile Include="MLConverter.cpp">
      <Filter>Sources</Filter>
    </ClCompile>
    <ClCompile Include="MLPngWriter.cpp">
      <Filter>Sources</Filter>
    </ClCompile>
    <ClCompile Include="MLAviCommon.cpp">
      <Filter>Sources</Filter>
    </ClCompile>
    <ClCompile Include="MLAviReader.cpp">
      <Filter>Sources</Filter>
    </ClCompile>
    <ClCompile Include="MLAviWriter.cpp">
      <Filter>Sources</Filter>
    </ClCompile>
    <ClCompile Include="MLVideoTime.cpp">
      <Filter>Sources</Filter>
    </ClCompile>
    <ClCompile Include="MLExrWriter.cpp">
      <Filter>Sources</Filter>
    </ClCompile>
  </ItemGroup>
  <ItemGroup>
    <ClInclude Include="d3dx12.h">
      <Filter>Headers</Filter>
    </ClInclude>
    <ClInclude Include="DXSampleHelper.h">
      <Filter>Headers</Filter>
    </ClInclude>
    <ClInclude Include="imconfig.h">
      <Filter>Headers</Filter>
    </ClInclude>
    <ClInclude Include="imgui.h">
      <Filter>Headers</Filter>
    </ClInclude>
    <ClInclude Include="imgui_impl_win32.h">
      <Filter>Headers</Filter>
    </ClInclude>
    <ClInclude Include="imgui_internal.h">
      <Filter>Headers</Filter>
    </ClInclude>
    <ClInclude Include="imstb_rectpack.h">
      <Filter>Headers</Filter>
    </ClInclude>
    <ClInclude Include="imstb_textedit.h">
      <Filter>Headers</Filter>
    </ClInclude>
    <ClInclude Include="imstb_truetype.h">
      <Filter>Headers</Filter>
    </ClInclude>
    <ClInclude Include="MLDX12.h">
      <Filter>Headers</Filter>
    </ClInclude>
    <ClInclude Include="MLDX12App.h">
      <Filter>Headers</Filter>
    </ClInclude>
    <ClInclude Include="MLDX12Common.h">
      <Filter>Headers</Filter>
    </ClInclude>
    <ClInclude Include="MLDX12Imgui.h">
      <Filter>Headers</Filter>
    </ClInclude>
    <ClInclude Include="MLImage.h">
      <Filter>Headers</Filter>
    </ClInclude>
    <ClInclude Include="MLColorGamut.h">
      <Filter>Headers</Filter>
    </ClInclude>
    <ClInclude Include="MLColorConvShaderConstants.h">
      <Filter>Headers</Filter>
    </ClInclude>
    <ClInclude Include="Contrib\include\OpenEXR\half.h">
      <Filter>Contrib</Filter>
    </ClInclude>
    <ClInclude Include="Contrib\include\OpenEXR\OpenEXRConfig.h">
      <Filter>Contrib</Filter>
    </ClInclude>
    <ClInclude Include="MLSaveSettings.h">
      <Filter>Headers</Filter>
    </ClInclude>
    <ClInclude Include="MLBmpReader.h">
      <Filter>Headers</Filter>
    </ClInclude>
    <ClInclude Include="MLExrReader.h">
      <Filter>Headers</Filter>
    </ClInclude>
    <ClInclude Include="MLPngReader.h">
      <Filter>Headers</Filter>
    </ClInclude>
    <ClInclude Include="MLEnumToStr.h">
      <Filter>Headers</Filter>
    </ClInclude>
    <ClInclude Include="Common.h">
      <Filter>Headers</Filter>
    </ClInclude>
    <ClInclude Include="MLWinApp.h">
      <Filter>Headers</Filter>
    </ClInclude>
    <ClInclude Include="resource.h">
      <Filter>Resources</Filter>
    </ClInclude>
    <ClInclude Include="MLVideoCapUser.h">
      <Filter>Headers</Filter>
    </ClInclude>
    <ClInclude Include="MLConverter.h">
      <Filter>Headers</Filter>
    </ClInclude>
    <ClInclude Include="MLPngWriter.h">
      <Filter>Headers</Filter>
    </ClInclude>
    <ClInclude Include="MLAVICommon.h">
      <Filter>Headers</Filter>
    </ClInclude>
    <ClInclude Include="MLAviReader.h">
      <Filter>Headers</Filter>
    </ClInclude>
    <ClInclude Include="MLAviWriter.h">
      <Filter>Headers</Filter>
    </ClInclude>
    <ClInclude Include="MLVideoTime.h">
      <Filter>Headers</Filter>
    </ClInclude>
    <ClInclude Include="MLExrWriter.h">
      <Filter>Headers</Filter>
    </ClInclude>
    <ClInclude Include="IMLVideoCapUserCallback.h">
      <Filter>Headers</Filter>
    </ClInclude>
  </ItemGroup>
  <ItemGroup>
    <CustomBuild Include="shaderColorConvPS.hlsl">
      <Filter>Shaders</Filter>
    </CustomBuild>
    <CustomBuild Include="shaderVS.hlsl">
      <Filter>Shaders</Filter>
    </CustomBuild>
  </ItemGroup>
  <ItemGroup>
    <Filter Include="Contrib">
      <UniqueIdentifier>{6c78ab83-29ec-4853-94a9-39285dcad4d6}</UniqueIdentifier>
    </Filter>
    <Filter Include="Headers">
      <UniqueIdentifier>{4f0913df-f4d8-4aaa-90d7-cfc1918a8742}</UniqueIdentifier>
    </Filter>
    <Filter Include="Sources">
      <UniqueIdentifier>{22278552-a3b8-4667-bd36-7a1d1f55143f}</UniqueIdentifier>
    </Filter>
    <Filter Include="Shaders">
      <UniqueIdentifier>{ee62fdac-a02b-4c9a-a7e2-3382750ddb58}</UniqueIdentifier>
    </Filter>
    <Filter Include="Resources">
      <UniqueIdentifier>{09eab052-331c-4f64-bb7c-2973ff6c1094}</UniqueIdentifier>
    </Filter>
    <Filter Include="Code Fragments">
      <UniqueIdentifier>{fa117538-9b7b-4efb-94cf-a89f8a03e50a}</UniqueIdentifier>
    </Filter>
  </ItemGroup>
  <ItemGroup>
    <ResourceCompile Include="Resource.rc">
      <Filter>Resources</Filter>
    </ResourceCompile>
  </ItemGroup>
  <ItemGroup>
    <None Include="shaderStrFooter.inc">
      <Filter>Code Fragments</Filter>
    </None>
    <None Include="shaderStrHeader1.inc">
      <Filter>Code Fragments</Filter>
    </None>
    <None Include="shaderStrHeader2.inc">
      <Filter>Code Fragments</Filter>
    </None>
  </ItemGroup>
</Project>